// !$*UTF8*$!
{
	archiveVersion = 1;
	classes = {
	};
	objectVersion = 50;
	objects = {

/* Begin PBXBuildFile section */
		BB397AD725C09E51001B4A20 /* TestPrepVC.swift in Sources */ = {isa = PBXBuildFile; fileRef = BB397AD625C09E51001B4A20 /* TestPrepVC.swift */; };
		BB397ADA25C09E7A001B4A20 /* TestPrepView.xib in Resources */ = {isa = PBXBuildFile; fileRef = BB397AD925C09E7A001B4A20 /* TestPrepView.xib */; };
		D20B7084257ACB8700CD5876 /* UserData.swift in Sources */ = {isa = PBXBuildFile; fileRef = D20B7083257ACB8700CD5876 /* UserData.swift */; };
		D20B7087257ACD3000CD5876 /* Dummies.swift in Sources */ = {isa = PBXBuildFile; fileRef = D20B7086257ACD3000CD5876 /* Dummies.swift */; };
		D20E7B3C257ABE4F00EFB685 /* Student.swift in Sources */ = {isa = PBXBuildFile; fileRef = D20E7B3B257ABE4F00EFB685 /* Student.swift */; };
		D20E7B41257ABF5C00EFB685 /* ChooseMentorView.xib in Resources */ = {isa = PBXBuildFile; fileRef = D20E7B40257ABF5C00EFB685 /* ChooseMentorView.xib */; };
		D20E7B46257AC36C00EFB685 /* Test.swift in Sources */ = {isa = PBXBuildFile; fileRef = D20E7B45257AC36C00EFB685 /* Test.swift */; };
		D21D73BC25C092C100C38966 /* EnterCodeView.xib in Resources */ = {isa = PBXBuildFile; fileRef = D21D73BB25C092C100C38966 /* EnterCodeView.xib */; };
		D2281026257557C000A909F2 /* AppDelegate.swift in Sources */ = {isa = PBXBuildFile; fileRef = D2281025257557C000A909F2 /* AppDelegate.swift */; };
		D2281028257557C000A909F2 /* SceneDelegate.swift in Sources */ = {isa = PBXBuildFile; fileRef = D2281027257557C000A909F2 /* SceneDelegate.swift */; };
		D228102A257557C000A909F2 /* SubjectListViewController.swift in Sources */ = {isa = PBXBuildFile; fileRef = D2281029257557C000A909F2 /* SubjectListViewController.swift */; };
		D2281030257557C000A909F2 /* Dunno.xcdatamodeld in Sources */ = {isa = PBXBuildFile; fileRef = D228102E257557C000A909F2 /* Dunno.xcdatamodeld */; };
		D2281032257557C200A909F2 /* Assets.xcassets in Resources */ = {isa = PBXBuildFile; fileRef = D2281031257557C200A909F2 /* Assets.xcassets */; };
		D2281035257557C200A909F2 /* LaunchScreen.storyboard in Resources */ = {isa = PBXBuildFile; fileRef = D2281033257557C200A909F2 /* LaunchScreen.storyboard */; };
		D228103E2575598B00A909F2 /* TabBarController.swift in Sources */ = {isa = PBXBuildFile; fileRef = D228103D2575598B00A909F2 /* TabBarController.swift */; };
		D228104225755B1200A909F2 /* ChatViewController.swift in Sources */ = {isa = PBXBuildFile; fileRef = D228104125755B1200A909F2 /* ChatViewController.swift */; };
		D228104525757CC200A909F2 /* Subject.swift in Sources */ = {isa = PBXBuildFile; fileRef = D228104425757CC200A909F2 /* Subject.swift */; };
		D228104925757DD500A909F2 /* SubjectListView1.xib in Resources */ = {isa = PBXBuildFile; fileRef = D228104825757DD500A909F2 /* SubjectListView1.xib */; };
		D2629EF025757EDA0063DA6F /* ClassViewModel.swift in Sources */ = {isa = PBXBuildFile; fileRef = D2629EEF25757EDA0063DA6F /* ClassViewModel.swift */; };
		D2629EF4257583E00063DA6F /* SubjectCell.swift in Sources */ = {isa = PBXBuildFile; fileRef = D2629EF3257583E00063DA6F /* SubjectCell.swift */; };
		D2629EF7257584160063DA6F /* UserProfileViewController.swift in Sources */ = {isa = PBXBuildFile; fileRef = D2629EF6257584160063DA6F /* UserProfileViewController.swift */; };
		D263BA03257C636D007814A7 /* PTMono-Regular.ttf in Resources */ = {isa = PBXBuildFile; fileRef = D263BA02257C636C007814A7 /* PTMono-Regular.ttf */; };
		D2809BF725BF5105007D9BA4 /* EnterCodeVC.swift in Sources */ = {isa = PBXBuildFile; fileRef = D2809BF625BF5105007D9BA4 /* EnterCodeVC.swift */; };
		D290817C25DEF24B00ED6B86 /* Test+CoreDataClass.swift in Sources */ = {isa = PBXBuildFile; fileRef = D290817A25DEF24B00ED6B86 /* Test+CoreDataClass.swift */; };
		D290817D25DEF24B00ED6B86 /* Test+CoreDataProperties.swift in Sources */ = {isa = PBXBuildFile; fileRef = D290817B25DEF24B00ED6B86 /* Test+CoreDataProperties.swift */; };
		D2A7B9FE257AD6070037A29C /* SubjectTopicsViewController.swift in Sources */ = {isa = PBXBuildFile; fileRef = D2A7B9FD257AD6070037A29C /* SubjectTopicsViewController.swift */; };
		D2A7BA01257AD62D0037A29C /* SubjectListView.xib in Resources */ = {isa = PBXBuildFile; fileRef = D2A7BA00257AD62D0037A29C /* SubjectListView.xib */; };
		D2A7BA09257ADAD90037A29C /* ChatListViewController.swift in Sources */ = {isa = PBXBuildFile; fileRef = D2A7BA08257ADAD90037A29C /* ChatListViewController.swift */; };
		D2A7BA0C257ADAEA0037A29C /* ChatListView.xib in Resources */ = {isa = PBXBuildFile; fileRef = D2A7BA0B257ADAEA0037A29C /* ChatListView.xib */; };
		D2A7BA11257AFD840037A29C /* NetworkFetcher.swift in Sources */ = {isa = PBXBuildFile; fileRef = D2A7BA10257AFD840037A29C /* NetworkFetcher.swift */; };
		D2A7BA14257AFD920037A29C /* NetworkService.swift in Sources */ = {isa = PBXBuildFile; fileRef = D2A7BA13257AFD920037A29C /* NetworkService.swift */; };
		D2A7BA19257AFDA60037A29C /* API.swift in Sources */ = {isa = PBXBuildFile; fileRef = D2A7BA18257AFDA60037A29C /* API.swift */; };
		D2A7BA1D257B02FE0037A29C /* FetchedTest.swift in Sources */ = {isa = PBXBuildFile; fileRef = D2A7BA1C257B02FE0037A29C /* FetchedTest.swift */; };
		D2AA5F0A257959B90092F869 /* ChatView.xib in Resources */ = {isa = PBXBuildFile; fileRef = D2AA5F09257959B90092F869 /* ChatView.xib */; };
		D2AA5F0E25795AA20092F869 /* UserProfileView.xib in Resources */ = {isa = PBXBuildFile; fileRef = D2AA5F0D25795AA20092F869 /* UserProfileView.xib */; };
		D2AA5F15257965BE0092F869 /* TopicCell.xib in Resources */ = {isa = PBXBuildFile; fileRef = D2AA5F14257965BE0092F869 /* TopicCell.xib */; };
		D2AA5F18257965CD0092F869 /* AddSubjectCell.xib in Resources */ = {isa = PBXBuildFile; fileRef = D2AA5F17257965CD0092F869 /* AddSubjectCell.xib */; };
		D2AA5F1B257965DB0092F869 /* AddSubjectCell.swift in Sources */ = {isa = PBXBuildFile; fileRef = D2AA5F1A257965DB0092F869 /* AddSubjectCell.swift */; };
		D2AA5F1E257965E70092F869 /* TopicCell.swift in Sources */ = {isa = PBXBuildFile; fileRef = D2AA5F1D257965E70092F869 /* TopicCell.swift */; };
		D2AA5F3225796CB30092F869 /* MessageCell.xib in Resources */ = {isa = PBXBuildFile; fileRef = D2AA5F3125796CB30092F869 /* MessageCell.xib */; };
		D2AA5F3525796CBA0092F869 /* MessageCell.swift in Sources */ = {isa = PBXBuildFile; fileRef = D2AA5F3425796CBA0092F869 /* MessageCell.swift */; };
		D2AA5F3A257AAC6F0092F869 /* SavedMessage+CoreDataClass.swift in Sources */ = {isa = PBXBuildFile; fileRef = D2AA5F38257AAC6F0092F869 /* SavedMessage+CoreDataClass.swift */; };
		D2AA5F3B257AAC6F0092F869 /* SavedMessage+CoreDataProperties.swift in Sources */ = {isa = PBXBuildFile; fileRef = D2AA5F39257AAC6F0092F869 /* SavedMessage+CoreDataProperties.swift */; };
		D2B26641257B163100E8C7B6 /* QuestionCell.swift in Sources */ = {isa = PBXBuildFile; fileRef = D2B26640257B163100E8C7B6 /* QuestionCell.swift */; };
		D2B26644257B1CDD00E8C7B6 /* QuestionCell.xib in Resources */ = {isa = PBXBuildFile; fileRef = D2B26643257B1CDD00E8C7B6 /* QuestionCell.xib */; };
		D2B26647257B1E4500E8C7B6 /* AnswerCollectionView.swift in Sources */ = {isa = PBXBuildFile; fileRef = D2B26646257B1E4500E8C7B6 /* AnswerCollectionView.swift */; };
		D2B2664A257B22AF00E8C7B6 /* AnswerCell.xib in Resources */ = {isa = PBXBuildFile; fileRef = D2B26649257B22AF00E8C7B6 /* AnswerCell.xib */; };
		D2B2664D257B3FD200E8C7B6 /* AnswerCell.swift in Sources */ = {isa = PBXBuildFile; fileRef = D2B2664C257B3FD200E8C7B6 /* AnswerCell.swift */; };
		D2B26657257BC8C800E8C7B6 /* LoginViewController.swift in Sources */ = {isa = PBXBuildFile; fileRef = D2B26656257BC8C800E8C7B6 /* LoginViewController.swift */; };
		D2B2665A257BCAAE00E8C7B6 /* LoginView.xib in Resources */ = {isa = PBXBuildFile; fileRef = D2B26659257BCAAE00E8C7B6 /* LoginView.xib */; };
		D2B2665D257BCD8F00E8C7B6 /* RegisterViewController.swift in Sources */ = {isa = PBXBuildFile; fileRef = D2B2665C257BCD8F00E8C7B6 /* RegisterViewController.swift */; };
		D2B26660257BCDAC00E8C7B6 /* RegisterView.xib in Resources */ = {isa = PBXBuildFile; fileRef = D2B2665F257BCDAC00E8C7B6 /* RegisterView.xib */; };
		D2D5DB2C257AAEEB000FEA32 /* CoreDataManager.swift in Sources */ = {isa = PBXBuildFile; fileRef = D2D5DB2B257AAEEB000FEA32 /* CoreDataManager.swift */; };
		D2D5DB30257AB6DA000FEA32 /* TopicViewController.swift in Sources */ = {isa = PBXBuildFile; fileRef = D2D5DB2F257AB6DA000FEA32 /* TopicViewController.swift */; };
		D2D5DB34257AB6E7000FEA32 /* TopicViewController.xib in Resources */ = {isa = PBXBuildFile; fileRef = D2D5DB33257AB6E7000FEA32 /* TopicViewController.xib */; };
		D2D5DB39257ABB14000FEA32 /* ChooseMentorViewController.swift in Sources */ = {isa = PBXBuildFile; fileRef = D2D5DB38257ABB14000FEA32 /* ChooseMentorViewController.swift */; };
		D2E4EA11257C01B100E22B5B /* SubjectCell.xib in Resources */ = {isa = PBXBuildFile; fileRef = D2E4EA10257C01B100E22B5B /* SubjectCell.xib */; };
		D2E51FFC257AC8D5006F1A47 /* TestView.xib in Resources */ = {isa = PBXBuildFile; fileRef = D2E51FFA257AC8D5006F1A47 /* TestView.xib */; };
		D2E51FFD257AC8D5006F1A47 /* TestViewController.swift in Sources */ = {isa = PBXBuildFile; fileRef = D2E51FFB257AC8D5006F1A47 /* TestViewController.swift */; };
		D2F822BE25AF7DE100E7710E /* ActitivityIndicator Ext.swift in Sources */ = {isa = PBXBuildFile; fileRef = D2F822BD25AF7DE100E7710E /* ActitivityIndicator Ext.swift */; };
		D2F822C425AF7EEF00E7710E /* TestViewModel.swift in Sources */ = {isa = PBXBuildFile; fileRef = D2F822C325AF7EEF00E7710E /* TestViewModel.swift */; };
		D2F822D825AF7FC700E7710E /* ViewModel Types.swift in Sources */ = {isa = PBXBuildFile; fileRef = D2F822D725AF7FC700E7710E /* ViewModel Types.swift */; };
/* End PBXBuildFile section */

/* Begin PBXFileReference section */
		BB397AD625C09E51001B4A20 /* TestPrepVC.swift */ = {isa = PBXFileReference; lastKnownFileType = sourcecode.swift; path = TestPrepVC.swift; sourceTree = "<group>"; };
		BB397AD925C09E7A001B4A20 /* TestPrepView.xib */ = {isa = PBXFileReference; lastKnownFileType = file.xib; path = TestPrepView.xib; sourceTree = "<group>"; };
		D20B7083257ACB8700CD5876 /* UserData.swift */ = {isa = PBXFileReference; lastKnownFileType = sourcecode.swift; path = UserData.swift; sourceTree = "<group>"; };
		D20B7086257ACD3000CD5876 /* Dummies.swift */ = {isa = PBXFileReference; lastKnownFileType = sourcecode.swift; path = Dummies.swift; sourceTree = "<group>"; };
		D20E7B3B257ABE4F00EFB685 /* Student.swift */ = {isa = PBXFileReference; lastKnownFileType = sourcecode.swift; path = Student.swift; sourceTree = "<group>"; };
		D20E7B40257ABF5C00EFB685 /* ChooseMentorView.xib */ = {isa = PBXFileReference; lastKnownFileType = file.xib; path = ChooseMentorView.xib; sourceTree = "<group>"; };
		D20E7B45257AC36C00EFB685 /* Test.swift */ = {isa = PBXFileReference; lastKnownFileType = sourcecode.swift; path = Test.swift; sourceTree = "<group>"; };
		D21D73BB25C092C100C38966 /* EnterCodeView.xib */ = {isa = PBXFileReference; lastKnownFileType = file.xib; path = EnterCodeView.xib; sourceTree = "<group>"; };
		D2281022257557C000A909F2 /* Dunno.app */ = {isa = PBXFileReference; explicitFileType = wrapper.application; includeInIndex = 0; path = Dunno.app; sourceTree = BUILT_PRODUCTS_DIR; };
		D2281025257557C000A909F2 /* AppDelegate.swift */ = {isa = PBXFileReference; lastKnownFileType = sourcecode.swift; path = AppDelegate.swift; sourceTree = "<group>"; };
		D2281027257557C000A909F2 /* SceneDelegate.swift */ = {isa = PBXFileReference; lastKnownFileType = sourcecode.swift; path = SceneDelegate.swift; sourceTree = "<group>"; };
		D2281029257557C000A909F2 /* SubjectListViewController.swift */ = {isa = PBXFileReference; lastKnownFileType = sourcecode.swift; path = SubjectListViewController.swift; sourceTree = "<group>"; };
		D228102F257557C000A909F2 /* Dunno.xcdatamodel */ = {isa = PBXFileReference; lastKnownFileType = wrapper.xcdatamodel; path = Dunno.xcdatamodel; sourceTree = "<group>"; };
		D2281031257557C200A909F2 /* Assets.xcassets */ = {isa = PBXFileReference; lastKnownFileType = folder.assetcatalog; path = Assets.xcassets; sourceTree = "<group>"; };
		D2281034257557C200A909F2 /* Base */ = {isa = PBXFileReference; lastKnownFileType = file.storyboard; name = Base; path = Base.lproj/LaunchScreen.storyboard; sourceTree = "<group>"; };
		D2281036257557C200A909F2 /* Info.plist */ = {isa = PBXFileReference; lastKnownFileType = text.plist.xml; path = Info.plist; sourceTree = "<group>"; };
		D228103D2575598B00A909F2 /* TabBarController.swift */ = {isa = PBXFileReference; lastKnownFileType = sourcecode.swift; path = TabBarController.swift; sourceTree = "<group>"; };
		D228104125755B1200A909F2 /* ChatViewController.swift */ = {isa = PBXFileReference; lastKnownFileType = sourcecode.swift; path = ChatViewController.swift; sourceTree = "<group>"; };
		D228104425757CC200A909F2 /* Subject.swift */ = {isa = PBXFileReference; lastKnownFileType = sourcecode.swift; path = Subject.swift; sourceTree = "<group>"; };
		D228104825757DD500A909F2 /* SubjectListView1.xib */ = {isa = PBXFileReference; lastKnownFileType = file.xib; path = SubjectListView1.xib; sourceTree = "<group>"; };
		D2629EEF25757EDA0063DA6F /* ClassViewModel.swift */ = {isa = PBXFileReference; lastKnownFileType = sourcecode.swift; path = ClassViewModel.swift; sourceTree = "<group>"; };
		D2629EF3257583E00063DA6F /* SubjectCell.swift */ = {isa = PBXFileReference; lastKnownFileType = sourcecode.swift; path = SubjectCell.swift; sourceTree = "<group>"; };
		D2629EF6257584160063DA6F /* UserProfileViewController.swift */ = {isa = PBXFileReference; lastKnownFileType = sourcecode.swift; path = UserProfileViewController.swift; sourceTree = "<group>"; };
		D263BA02257C636C007814A7 /* PTMono-Regular.ttf */ = {isa = PBXFileReference; lastKnownFileType = file; path = "PTMono-Regular.ttf"; sourceTree = "<group>"; };
		D2809BF625BF5105007D9BA4 /* EnterCodeVC.swift */ = {isa = PBXFileReference; lastKnownFileType = sourcecode.swift; path = EnterCodeVC.swift; sourceTree = "<group>"; };
		D290817A25DEF24B00ED6B86 /* Test+CoreDataClass.swift */ = {isa = PBXFileReference; lastKnownFileType = sourcecode.swift; path = "Test+CoreDataClass.swift"; sourceTree = "<group>"; };
		D290817B25DEF24B00ED6B86 /* Test+CoreDataProperties.swift */ = {isa = PBXFileReference; lastKnownFileType = sourcecode.swift; path = "Test+CoreDataProperties.swift"; sourceTree = "<group>"; };
		D2A7B9FD257AD6070037A29C /* SubjectTopicsViewController.swift */ = {isa = PBXFileReference; lastKnownFileType = sourcecode.swift; path = SubjectTopicsViewController.swift; sourceTree = "<group>"; };
		D2A7BA00257AD62D0037A29C /* SubjectListView.xib */ = {isa = PBXFileReference; lastKnownFileType = file.xib; path = SubjectListView.xib; sourceTree = "<group>"; };
		D2A7BA08257ADAD90037A29C /* ChatListViewController.swift */ = {isa = PBXFileReference; lastKnownFileType = sourcecode.swift; path = ChatListViewController.swift; sourceTree = "<group>"; };
		D2A7BA0B257ADAEA0037A29C /* ChatListView.xib */ = {isa = PBXFileReference; lastKnownFileType = file.xib; path = ChatListView.xib; sourceTree = "<group>"; };
		D2A7BA10257AFD840037A29C /* NetworkFetcher.swift */ = {isa = PBXFileReference; lastKnownFileType = sourcecode.swift; path = NetworkFetcher.swift; sourceTree = "<group>"; };
		D2A7BA13257AFD920037A29C /* NetworkService.swift */ = {isa = PBXFileReference; lastKnownFileType = sourcecode.swift; path = NetworkService.swift; sourceTree = "<group>"; };
		D2A7BA18257AFDA60037A29C /* API.swift */ = {isa = PBXFileReference; lastKnownFileType = sourcecode.swift; path = API.swift; sourceTree = "<group>"; };
		D2A7BA1C257B02FE0037A29C /* FetchedTest.swift */ = {isa = PBXFileReference; lastKnownFileType = sourcecode.swift; path = FetchedTest.swift; sourceTree = "<group>"; };
		D2AA5F09257959B90092F869 /* ChatView.xib */ = {isa = PBXFileReference; lastKnownFileType = file.xib; path = ChatView.xib; sourceTree = "<group>"; };
		D2AA5F0D25795AA20092F869 /* UserProfileView.xib */ = {isa = PBXFileReference; lastKnownFileType = file.xib; path = UserProfileView.xib; sourceTree = "<group>"; };
		D2AA5F14257965BE0092F869 /* TopicCell.xib */ = {isa = PBXFileReference; lastKnownFileType = file.xib; path = TopicCell.xib; sourceTree = "<group>"; };
		D2AA5F17257965CD0092F869 /* AddSubjectCell.xib */ = {isa = PBXFileReference; lastKnownFileType = file.xib; path = AddSubjectCell.xib; sourceTree = "<group>"; };
		D2AA5F1A257965DB0092F869 /* AddSubjectCell.swift */ = {isa = PBXFileReference; lastKnownFileType = sourcecode.swift; path = AddSubjectCell.swift; sourceTree = "<group>"; };
		D2AA5F1D257965E70092F869 /* TopicCell.swift */ = {isa = PBXFileReference; lastKnownFileType = sourcecode.swift; path = TopicCell.swift; sourceTree = "<group>"; };
		D2AA5F3125796CB30092F869 /* MessageCell.xib */ = {isa = PBXFileReference; fileEncoding = 4; lastKnownFileType = file.xib; path = MessageCell.xib; sourceTree = "<group>"; };
		D2AA5F3425796CBA0092F869 /* MessageCell.swift */ = {isa = PBXFileReference; fileEncoding = 4; lastKnownFileType = sourcecode.swift; path = MessageCell.swift; sourceTree = "<group>"; };
		D2AA5F38257AAC6F0092F869 /* SavedMessage+CoreDataClass.swift */ = {isa = PBXFileReference; lastKnownFileType = sourcecode.swift; path = "SavedMessage+CoreDataClass.swift"; sourceTree = "<group>"; };
		D2AA5F39257AAC6F0092F869 /* SavedMessage+CoreDataProperties.swift */ = {isa = PBXFileReference; lastKnownFileType = sourcecode.swift; path = "SavedMessage+CoreDataProperties.swift"; sourceTree = "<group>"; };
		D2B26640257B163100E8C7B6 /* QuestionCell.swift */ = {isa = PBXFileReference; lastKnownFileType = sourcecode.swift; path = QuestionCell.swift; sourceTree = "<group>"; };
		D2B26643257B1CDD00E8C7B6 /* QuestionCell.xib */ = {isa = PBXFileReference; lastKnownFileType = file.xib; path = QuestionCell.xib; sourceTree = "<group>"; };
		D2B26646257B1E4500E8C7B6 /* AnswerCollectionView.swift */ = {isa = PBXFileReference; lastKnownFileType = sourcecode.swift; path = AnswerCollectionView.swift; sourceTree = "<group>"; };
		D2B26649257B22AF00E8C7B6 /* AnswerCell.xib */ = {isa = PBXFileReference; lastKnownFileType = file.xib; path = AnswerCell.xib; sourceTree = "<group>"; };
		D2B2664C257B3FD200E8C7B6 /* AnswerCell.swift */ = {isa = PBXFileReference; lastKnownFileType = sourcecode.swift; path = AnswerCell.swift; sourceTree = "<group>"; };
		D2B26656257BC8C800E8C7B6 /* LoginViewController.swift */ = {isa = PBXFileReference; lastKnownFileType = sourcecode.swift; path = LoginViewController.swift; sourceTree = "<group>"; };
		D2B26659257BCAAE00E8C7B6 /* LoginView.xib */ = {isa = PBXFileReference; lastKnownFileType = file.xib; path = LoginView.xib; sourceTree = "<group>"; };
		D2B2665C257BCD8F00E8C7B6 /* RegisterViewController.swift */ = {isa = PBXFileReference; lastKnownFileType = sourcecode.swift; path = RegisterViewController.swift; sourceTree = "<group>"; };
		D2B2665F257BCDAC00E8C7B6 /* RegisterView.xib */ = {isa = PBXFileReference; lastKnownFileType = file.xib; path = RegisterView.xib; sourceTree = "<group>"; };
		D2D5DB2B257AAEEB000FEA32 /* CoreDataManager.swift */ = {isa = PBXFileReference; lastKnownFileType = sourcecode.swift; path = CoreDataManager.swift; sourceTree = "<group>"; };
		D2D5DB2F257AB6DA000FEA32 /* TopicViewController.swift */ = {isa = PBXFileReference; lastKnownFileType = sourcecode.swift; path = TopicViewController.swift; sourceTree = "<group>"; };
		D2D5DB33257AB6E7000FEA32 /* TopicViewController.xib */ = {isa = PBXFileReference; lastKnownFileType = file.xib; path = TopicViewController.xib; sourceTree = "<group>"; };
		D2D5DB38257ABB14000FEA32 /* ChooseMentorViewController.swift */ = {isa = PBXFileReference; lastKnownFileType = sourcecode.swift; path = ChooseMentorViewController.swift; sourceTree = "<group>"; };
		D2E4EA10257C01B100E22B5B /* SubjectCell.xib */ = {isa = PBXFileReference; lastKnownFileType = file.xib; path = SubjectCell.xib; sourceTree = "<group>"; };
		D2E51FFA257AC8D5006F1A47 /* TestView.xib */ = {isa = PBXFileReference; fileEncoding = 4; lastKnownFileType = file.xib; path = TestView.xib; sourceTree = "<group>"; };
		D2E51FFB257AC8D5006F1A47 /* TestViewController.swift */ = {isa = PBXFileReference; fileEncoding = 4; lastKnownFileType = sourcecode.swift; path = TestViewController.swift; sourceTree = "<group>"; };
		D2F822BD25AF7DE100E7710E /* ActitivityIndicator Ext.swift */ = {isa = PBXFileReference; lastKnownFileType = sourcecode.swift; path = "ActitivityIndicator Ext.swift"; sourceTree = "<group>"; };
		D2F822C325AF7EEF00E7710E /* TestViewModel.swift */ = {isa = PBXFileReference; lastKnownFileType = sourcecode.swift; path = TestViewModel.swift; sourceTree = "<group>"; };
		D2F822D725AF7FC700E7710E /* ViewModel Types.swift */ = {isa = PBXFileReference; lastKnownFileType = sourcecode.swift; path = "ViewModel Types.swift"; sourceTree = "<group>"; };
/* End PBXFileReference section */

/* Begin PBXFrameworksBuildPhase section */
		D228101F257557C000A909F2 /* Frameworks */ = {
			isa = PBXFrameworksBuildPhase;
			buildActionMask = 2147483647;
			files = (
			);
			runOnlyForDeploymentPostprocessing = 0;
		};
/* End PBXFrameworksBuildPhase section */

/* Begin PBXGroup section */
		D20B708B257AD44400CD5876 /* Model */ = {
			isa = PBXGroup;
			children = (
				D20B7083257ACB8700CD5876 /* UserData.swift */,
				D228104425757CC200A909F2 /* Subject.swift */,
				D20E7B3B257ABE4F00EFB685 /* Student.swift */,
				D20E7B45257AC36C00EFB685 /* Test.swift */,
			);
			path = Model;
			sourceTree = "<group>";
		};
		D20E7B44257AC35700EFB685 /* ChooseMentorView */ = {
			isa = PBXGroup;
			children = (
				D2D5DB38257ABB14000FEA32 /* ChooseMentorViewController.swift */,
				D20E7B40257ABF5C00EFB685 /* ChooseMentorView.xib */,
			);
			path = ChooseMentorView;
			sourceTree = "<group>";
		};
		D20E7B4F257AC87200EFB685 /* TestView */ = {
			isa = PBXGroup;
			children = (
				D2E51FFA257AC8D5006F1A47 /* TestView.xib */,
				D2E51FFB257AC8D5006F1A47 /* TestViewController.swift */,
				D2F822C325AF7EEF00E7710E /* TestViewModel.swift */,
				D2B26640257B163100E8C7B6 /* QuestionCell.swift */,
				D2B26646257B1E4500E8C7B6 /* AnswerCollectionView.swift */,
				D2B26649257B22AF00E8C7B6 /* AnswerCell.xib */,
				D2B2664C257B3FD200E8C7B6 /* AnswerCell.swift */,
				D2B26643257B1CDD00E8C7B6 /* QuestionCell.xib */,
			);
			path = TestView;
			sourceTree = "<group>";
		};
		D2281019257557C000A909F2 = {
			isa = PBXGroup;
			children = (
				D2281024257557C000A909F2 /* Dunno */,
				D2281023257557C000A909F2 /* Products */,
			);
			sourceTree = "<group>";
		};
		D2281023257557C000A909F2 /* Products */ = {
			isa = PBXGroup;
			children = (
				D2281022257557C000A909F2 /* Dunno.app */,
			);
			name = Products;
			sourceTree = "<group>";
		};
		D2281024257557C000A909F2 /* Dunno */ = {
			isa = PBXGroup;
			children = (
				D2281025257557C000A909F2 /* AppDelegate.swift */,
				D20B7086257ACD3000CD5876 /* Dummies.swift */,
				D2281027257557C000A909F2 /* SceneDelegate.swift */,
				BB397AD625C09E51001B4A20 /* TestPrepVC.swift */,
				BB397AD925C09E7A001B4A20 /* TestPrepView.xib */,
				D2809BF625BF5105007D9BA4 /* EnterCodeVC.swift */,
				D21D73BB25C092C100C38966 /* EnterCodeView.xib */,
				D2B26662257BD50500E8C7B6 /* Login View */,
				D2A7BA16257AFD980037A29C /* Network */,
				D2A7BA05257ADA070037A29C /* CoreData */,
				D20B708B257AD44400CD5876 /* Model */,
				D228103D2575598B00A909F2 /* TabBarController.swift */,
				D20E7B4F257AC87200EFB685 /* TestView */,
				D20E7B44257AC35700EFB685 /* ChooseMentorView */,
				D2D5DB37257ABAC9000FEA32 /* TopicView */,
				D2629EF9257586280063DA6F /* Subjects */,
				D2AA5F12257963520092F869 /* User Profile */,
				D2D5DB2E257AB6B4000FEA32 /* Chat View */,
				D2F822C025AF7E5E00E7710E /* Supporting Files */,
				D263BA02257C636C007814A7 /* PTMono-Regular.ttf */,
				D2281031257557C200A909F2 /* Assets.xcassets */,
				D2281033257557C200A909F2 /* LaunchScreen.storyboard */,
				D2281036257557C200A909F2 /* Info.plist */,
			);
			path = Dunno;
			sourceTree = "<group>";
		};
		D2629EF9257586280063DA6F /* Subjects */ = {
			isa = PBXGroup;
			children = (
				D2281029257557C000A909F2 /* SubjectListViewController.swift */,
				D2629EEF25757EDA0063DA6F /* ClassViewModel.swift */,
				D2629EF3257583E00063DA6F /* SubjectCell.swift */,
				D2E4EA10257C01B100E22B5B /* SubjectCell.xib */,
				D2A7BA00257AD62D0037A29C /* SubjectListView.xib */,
				D2A7B9FD257AD6070037A29C /* SubjectTopicsViewController.swift */,
				D228104825757DD500A909F2 /* SubjectListView1.xib */,
			);
			path = Subjects;
			sourceTree = "<group>";
		};
		D2A7BA05257ADA070037A29C /* CoreData */ = {
			isa = PBXGroup;
			children = (
				D228102E257557C000A909F2 /* Dunno.xcdatamodeld */,
				D290817A25DEF24B00ED6B86 /* Test+CoreDataClass.swift */,
				D290817B25DEF24B00ED6B86 /* Test+CoreDataProperties.swift */,
				D2AA5F38257AAC6F0092F869 /* SavedMessage+CoreDataClass.swift */,
				D2AA5F39257AAC6F0092F869 /* SavedMessage+CoreDataProperties.swift */,
				D2D5DB2B257AAEEB000FEA32 /* CoreDataManager.swift */,
			);
			path = CoreData;
			sourceTree = "<group>";
		};
		D2A7BA16257AFD980037A29C /* Network */ = {
			isa = PBXGroup;
			children = (
				D2A7BA10257AFD840037A29C /* NetworkFetcher.swift */,
				D2A7BA1C257B02FE0037A29C /* FetchedTest.swift */,
				D2A7BA18257AFDA60037A29C /* API.swift */,
				D2A7BA13257AFD920037A29C /* NetworkService.swift */,
			);
			path = Network;
			sourceTree = "<group>";
		};
		D2AA5F12257963520092F869 /* User Profile */ = {
			isa = PBXGroup;
			children = (
				D2629EF6257584160063DA6F /* UserProfileViewController.swift */,
				D2AA5F17257965CD0092F869 /* AddSubjectCell.xib */,
				D2AA5F1A257965DB0092F869 /* AddSubjectCell.swift */,
				D2AA5F14257965BE0092F869 /* TopicCell.xib */,
				D2AA5F1D257965E70092F869 /* TopicCell.swift */,
				D2AA5F0D25795AA20092F869 /* UserProfileView.xib */,
			);
			path = "User Profile";
			sourceTree = "<group>";
		};
		D2B26662257BD50500E8C7B6 /* Login View */ = {
			isa = PBXGroup;
			children = (
				D2B26656257BC8C800E8C7B6 /* LoginViewController.swift */,
				D2B2665C257BCD8F00E8C7B6 /* RegisterViewController.swift */,
				D2B2665F257BCDAC00E8C7B6 /* RegisterView.xib */,
				D2B26659257BCAAE00E8C7B6 /* LoginView.xib */,
			);
			path = "Login View";
			sourceTree = "<group>";
		};
		D2D5DB2E257AB6B4000FEA32 /* Chat View */ = {
			isa = PBXGroup;
			children = (
				D228104125755B1200A909F2 /* ChatViewController.swift */,
				D2A7BA08257ADAD90037A29C /* ChatListViewController.swift */,
				D2A7BA0B257ADAEA0037A29C /* ChatListView.xib */,
				D2AA5F09257959B90092F869 /* ChatView.xib */,
				D2AA5F3425796CBA0092F869 /* MessageCell.swift */,
				D2AA5F3125796CB30092F869 /* MessageCell.xib */,
			);
			path = "Chat View";
			sourceTree = "<group>";
		};
		D2D5DB37257ABAC9000FEA32 /* TopicView */ = {
			isa = PBXGroup;
			children = (
				D2D5DB2F257AB6DA000FEA32 /* TopicViewController.swift */,
				D2D5DB33257AB6E7000FEA32 /* TopicViewController.xib */,
			);
			path = TopicView;
			sourceTree = "<group>";
		};
		D2F822C025AF7E5E00E7710E /* Supporting Files */ = {
			isa = PBXGroup;
			children = (
				D2F822BD25AF7DE100E7710E /* ActitivityIndicator Ext.swift */,
				D2F822D725AF7FC700E7710E /* ViewModel Types.swift */,
			);
			path = "Supporting Files";
			sourceTree = "<group>";
		};
/* End PBXGroup section */

/* Begin PBXNativeTarget section */
		D2281021257557C000A909F2 /* Dunno */ = {
			isa = PBXNativeTarget;
			buildConfigurationList = D2281039257557C200A909F2 /* Build configuration list for PBXNativeTarget "Dunno" */;
			buildPhases = (
				D228101E257557C000A909F2 /* Sources */,
				D228101F257557C000A909F2 /* Frameworks */,
				D2281020257557C000A909F2 /* Resources */,
			);
			buildRules = (
			);
			dependencies = (
			);
			name = Dunno;
			productName = Dunno;
			productReference = D2281022257557C000A909F2 /* Dunno.app */;
			productType = "com.apple.product-type.application";
		};
/* End PBXNativeTarget section */

/* Begin PBXProject section */
		D228101A257557C000A909F2 /* Project object */ = {
			isa = PBXProject;
			attributes = {
				LastSwiftUpdateCheck = 1220;
				LastUpgradeCheck = 1220;
				TargetAttributes = {
					D2281021257557C000A909F2 = {
						CreatedOnToolsVersion = 12.2;
					};
				};
			};
			buildConfigurationList = D228101D257557C000A909F2 /* Build configuration list for PBXProject "Dunno" */;
			compatibilityVersion = "Xcode 9.3";
			developmentRegion = en;
			hasScannedForEncodings = 0;
			knownRegions = (
				en,
				Base,
			);
			mainGroup = D2281019257557C000A909F2;
			productRefGroup = D2281023257557C000A909F2 /* Products */;
			projectDirPath = "";
			projectRoot = "";
			targets = (
				D2281021257557C000A909F2 /* Dunno */,
			);
		};
/* End PBXProject section */

/* Begin PBXResourcesBuildPhase section */
		D2281020257557C000A909F2 /* Resources */ = {
			isa = PBXResourcesBuildPhase;
			buildActionMask = 2147483647;
			files = (
				BB397ADA25C09E7A001B4A20 /* TestPrepView.xib in Resources */,
				D2E51FFC257AC8D5006F1A47 /* TestView.xib in Resources */,
				D2B26644257B1CDD00E8C7B6 /* QuestionCell.xib in Resources */,
				D2B2665A257BCAAE00E8C7B6 /* LoginView.xib in Resources */,
				D20E7B41257ABF5C00EFB685 /* ChooseMentorView.xib in Resources */,
				D2AA5F0A257959B90092F869 /* ChatView.xib in Resources */,
				D2AA5F18257965CD0092F869 /* AddSubjectCell.xib in Resources */,
				D2281035257557C200A909F2 /* LaunchScreen.storyboard in Resources */,
				D2281032257557C200A909F2 /* Assets.xcassets in Resources */,
				D2B2664A257B22AF00E8C7B6 /* AnswerCell.xib in Resources */,
				D2B26660257BCDAC00E8C7B6 /* RegisterView.xib in Resources */,
				D21D73BC25C092C100C38966 /* EnterCodeView.xib in Resources */,
				D228104925757DD500A909F2 /* SubjectListView1.xib in Resources */,
				D2AA5F3225796CB30092F869 /* MessageCell.xib in Resources */,
				D2D5DB34257AB6E7000FEA32 /* TopicViewController.xib in Resources */,
				D2AA5F15257965BE0092F869 /* TopicCell.xib in Resources */,
				D2A7BA0C257ADAEA0037A29C /* ChatListView.xib in Resources */,
				D263BA03257C636D007814A7 /* PTMono-Regular.ttf in Resources */,
				D2AA5F0E25795AA20092F869 /* UserProfileView.xib in Resources */,
				D2E4EA11257C01B100E22B5B /* SubjectCell.xib in Resources */,
				D2A7BA01257AD62D0037A29C /* SubjectListView.xib in Resources */,
			);
			runOnlyForDeploymentPostprocessing = 0;
		};
/* End PBXResourcesBuildPhase section */

/* Begin PBXSourcesBuildPhase section */
		D228101E257557C000A909F2 /* Sources */ = {
			isa = PBXSourcesBuildPhase;
			buildActionMask = 2147483647;
			files = (
				D2AA5F1E257965E70092F869 /* TopicCell.swift in Sources */,
				D2D5DB30257AB6DA000FEA32 /* TopicViewController.swift in Sources */,
				D2E51FFD257AC8D5006F1A47 /* TestViewController.swift in Sources */,
				D2629EF4257583E00063DA6F /* SubjectCell.swift in Sources */,
				D2629EF7257584160063DA6F /* UserProfileViewController.swift in Sources */,
				D2D5DB39257ABB14000FEA32 /* ChooseMentorViewController.swift in Sources */,
				D290817D25DEF24B00ED6B86 /* Test+CoreDataProperties.swift in Sources */,
				D2A7BA1D257B02FE0037A29C /* FetchedTest.swift in Sources */,
				D2A7BA19257AFDA60037A29C /* API.swift in Sources */,
				D20B7087257ACD3000CD5876 /* Dummies.swift in Sources */,
				D2B26647257B1E4500E8C7B6 /* AnswerCollectionView.swift in Sources */,
				D2B26641257B163100E8C7B6 /* QuestionCell.swift in Sources */,
				D2AA5F3B257AAC6F0092F869 /* SavedMessage+CoreDataProperties.swift in Sources */,
				D228102A257557C000A909F2 /* SubjectListViewController.swift in Sources */,
				D2B2665D257BCD8F00E8C7B6 /* RegisterViewController.swift in Sources */,
				D2809BF725BF5105007D9BA4 /* EnterCodeVC.swift in Sources */,
				D2A7BA09257ADAD90037A29C /* ChatListViewController.swift in Sources */,
				D2AA5F3525796CBA0092F869 /* MessageCell.swift in Sources */,
				D2F822D825AF7FC700E7710E /* ViewModel Types.swift in Sources */,
				D2629EF025757EDA0063DA6F /* ClassViewModel.swift in Sources */,
				D2281026257557C000A909F2 /* AppDelegate.swift in Sources */,
				D228104525757CC200A909F2 /* Subject.swift in Sources */,
				D2281030257557C000A909F2 /* Dunno.xcdatamodeld in Sources */,
				D2A7BA14257AFD920037A29C /* NetworkService.swift in Sources */,
				D228103E2575598B00A909F2 /* TabBarController.swift in Sources */,
				D2B26657257BC8C800E8C7B6 /* LoginViewController.swift in Sources */,
				D2A7B9FE257AD6070037A29C /* SubjectTopicsViewController.swift in Sources */,
				D2AA5F1B257965DB0092F869 /* AddSubjectCell.swift in Sources */,
				D228104225755B1200A909F2 /* ChatViewController.swift in Sources */,
				D20B7084257ACB8700CD5876 /* UserData.swift in Sources */,
				D2AA5F3A257AAC6F0092F869 /* SavedMessage+CoreDataClass.swift in Sources */,
				D2D5DB2C257AAEEB000FEA32 /* CoreDataManager.swift in Sources */,
				D2B2664D257B3FD200E8C7B6 /* AnswerCell.swift in Sources */,
				D2F822C425AF7EEF00E7710E /* TestViewModel.swift in Sources */,
				D20E7B46257AC36C00EFB685 /* Test.swift in Sources */,
				D2F822BE25AF7DE100E7710E /* ActitivityIndicator Ext.swift in Sources */,
				BB397AD725C09E51001B4A20 /* TestPrepVC.swift in Sources */,
				D20E7B3C257ABE4F00EFB685 /* Student.swift in Sources */,
				D2A7BA11257AFD840037A29C /* NetworkFetcher.swift in Sources */,
				D2281028257557C000A909F2 /* SceneDelegate.swift in Sources */,
				D290817C25DEF24B00ED6B86 /* Test+CoreDataClass.swift in Sources */,
			);
			runOnlyForDeploymentPostprocessing = 0;
		};
/* End PBXSourcesBuildPhase section */

/* Begin PBXVariantGroup section */
		D2281033257557C200A909F2 /* LaunchScreen.storyboard */ = {
			isa = PBXVariantGroup;
			children = (
				D2281034257557C200A909F2 /* Base */,
			);
			name = LaunchScreen.storyboard;
			sourceTree = "<group>";
		};
/* End PBXVariantGroup section */

/* Begin XCBuildConfiguration section */
		D2281037257557C200A909F2 /* Debug */ = {
			isa = XCBuildConfiguration;
			buildSettings = {
				ALWAYS_SEARCH_USER_PATHS = NO;
				CLANG_ANALYZER_NONNULL = YES;
				CLANG_ANALYZER_NUMBER_OBJECT_CONVERSION = YES_AGGRESSIVE;
				CLANG_CXX_LANGUAGE_STANDARD = "gnu++14";
				CLANG_CXX_LIBRARY = "libc++";
				CLANG_ENABLE_MODULES = YES;
				CLANG_ENABLE_OBJC_ARC = YES;
				CLANG_ENABLE_OBJC_WEAK = YES;
				CLANG_WARN_BLOCK_CAPTURE_AUTORELEASING = YES;
				CLANG_WARN_BOOL_CONVERSION = YES;
				CLANG_WARN_COMMA = YES;
				CLANG_WARN_CONSTANT_CONVERSION = YES;
				CLANG_WARN_DEPRECATED_OBJC_IMPLEMENTATIONS = YES;
				CLANG_WARN_DIRECT_OBJC_ISA_USAGE = YES_ERROR;
				CLANG_WARN_DOCUMENTATION_COMMENTS = YES;
				CLANG_WARN_EMPTY_BODY = YES;
				CLANG_WARN_ENUM_CONVERSION = YES;
				CLANG_WARN_INFINITE_RECURSION = YES;
				CLANG_WARN_INT_CONVERSION = YES;
				CLANG_WARN_NON_LITERAL_NULL_CONVERSION = YES;
				CLANG_WARN_OBJC_IMPLICIT_RETAIN_SELF = YES;
				CLANG_WARN_OBJC_LITERAL_CONVERSION = YES;
				CLANG_WARN_OBJC_ROOT_CLASS = YES_ERROR;
				CLANG_WARN_QUOTED_INCLUDE_IN_FRAMEWORK_HEADER = YES;
				CLANG_WARN_RANGE_LOOP_ANALYSIS = YES;
				CLANG_WARN_STRICT_PROTOTYPES = YES;
				CLANG_WARN_SUSPICIOUS_MOVE = YES;
				CLANG_WARN_UNGUARDED_AVAILABILITY = YES_AGGRESSIVE;
				CLANG_WARN_UNREACHABLE_CODE = YES;
				CLANG_WARN__DUPLICATE_METHOD_MATCH = YES;
				COPY_PHASE_STRIP = NO;
				DEBUG_INFORMATION_FORMAT = dwarf;
				ENABLE_STRICT_OBJC_MSGSEND = YES;
				ENABLE_TESTABILITY = YES;
				GCC_C_LANGUAGE_STANDARD = gnu11;
				GCC_DYNAMIC_NO_PIC = NO;
				GCC_NO_COMMON_BLOCKS = YES;
				GCC_OPTIMIZATION_LEVEL = 0;
				GCC_PREPROCESSOR_DEFINITIONS = (
					"DEBUG=1",
					"$(inherited)",
				);
				GCC_WARN_64_TO_32_BIT_CONVERSION = YES;
				GCC_WARN_ABOUT_RETURN_TYPE = YES_ERROR;
				GCC_WARN_UNDECLARED_SELECTOR = YES;
				GCC_WARN_UNINITIALIZED_AUTOS = YES_AGGRESSIVE;
				GCC_WARN_UNUSED_FUNCTION = YES;
				GCC_WARN_UNUSED_VARIABLE = YES;
				IPHONEOS_DEPLOYMENT_TARGET = 14.2;
				MTL_ENABLE_DEBUG_INFO = INCLUDE_SOURCE;
				MTL_FAST_MATH = YES;
				ONLY_ACTIVE_ARCH = YES;
				SDKROOT = iphoneos;
				SWIFT_ACTIVE_COMPILATION_CONDITIONS = DEBUG;
				SWIFT_OPTIMIZATION_LEVEL = "-Onone";
			};
			name = Debug;
		};
		D2281038257557C200A909F2 /* Release */ = {
			isa = XCBuildConfiguration;
			buildSettings = {
				ALWAYS_SEARCH_USER_PATHS = NO;
				CLANG_ANALYZER_NONNULL = YES;
				CLANG_ANALYZER_NUMBER_OBJECT_CONVERSION = YES_AGGRESSIVE;
				CLANG_CXX_LANGUAGE_STANDARD = "gnu++14";
				CLANG_CXX_LIBRARY = "libc++";
				CLANG_ENABLE_MODULES = YES;
				CLANG_ENABLE_OBJC_ARC = YES;
				CLANG_ENABLE_OBJC_WEAK = YES;
				CLANG_WARN_BLOCK_CAPTURE_AUTORELEASING = YES;
				CLANG_WARN_BOOL_CONVERSION = YES;
				CLANG_WARN_COMMA = YES;
				CLANG_WARN_CONSTANT_CONVERSION = YES;
				CLANG_WARN_DEPRECATED_OBJC_IMPLEMENTATIONS = YES;
				CLANG_WARN_DIRECT_OBJC_ISA_USAGE = YES_ERROR;
				CLANG_WARN_DOCUMENTATION_COMMENTS = YES;
				CLANG_WARN_EMPTY_BODY = YES;
				CLANG_WARN_ENUM_CONVERSION = YES;
				CLANG_WARN_INFINITE_RECURSION = YES;
				CLANG_WARN_INT_CONVERSION = YES;
				CLANG_WARN_NON_LITERAL_NULL_CONVERSION = YES;
				CLANG_WARN_OBJC_IMPLICIT_RETAIN_SELF = YES;
				CLANG_WARN_OBJC_LITERAL_CONVERSION = YES;
				CLANG_WARN_OBJC_ROOT_CLASS = YES_ERROR;
				CLANG_WARN_QUOTED_INCLUDE_IN_FRAMEWORK_HEADER = YES;
				CLANG_WARN_RANGE_LOOP_ANALYSIS = YES;
				CLANG_WARN_STRICT_PROTOTYPES = YES;
				CLANG_WARN_SUSPICIOUS_MOVE = YES;
				CLANG_WARN_UNGUARDED_AVAILABILITY = YES_AGGRESSIVE;
				CLANG_WARN_UNREACHABLE_CODE = YES;
				CLANG_WARN__DUPLICATE_METHOD_MATCH = YES;
				COPY_PHASE_STRIP = NO;
				DEBUG_INFORMATION_FORMAT = "dwarf-with-dsym";
				ENABLE_NS_ASSERTIONS = NO;
				ENABLE_STRICT_OBJC_MSGSEND = YES;
				GCC_C_LANGUAGE_STANDARD = gnu11;
				GCC_NO_COMMON_BLOCKS = YES;
				GCC_WARN_64_TO_32_BIT_CONVERSION = YES;
				GCC_WARN_ABOUT_RETURN_TYPE = YES_ERROR;
				GCC_WARN_UNDECLARED_SELECTOR = YES;
				GCC_WARN_UNINITIALIZED_AUTOS = YES_AGGRESSIVE;
				GCC_WARN_UNUSED_FUNCTION = YES;
				GCC_WARN_UNUSED_VARIABLE = YES;
				IPHONEOS_DEPLOYMENT_TARGET = 14.2;
				MTL_ENABLE_DEBUG_INFO = NO;
				MTL_FAST_MATH = YES;
				SDKROOT = iphoneos;
				SWIFT_COMPILATION_MODE = wholemodule;
				SWIFT_OPTIMIZATION_LEVEL = "-O";
				VALIDATE_PRODUCT = YES;
			};
			name = Release;
		};
		D228103A257557C200A909F2 /* Debug */ = {
			isa = XCBuildConfiguration;
			buildSettings = {
				ASSETCATALOG_COMPILER_APPICON_NAME = AppIcon;
				ASSETCATALOG_COMPILER_GLOBAL_ACCENT_COLOR_NAME = AccentColor;
				CODE_SIGN_STYLE = Automatic;
				CURRENT_PROJECT_VERSION = 3;
				DEVELOPMENT_TEAM = 7367KKMU64;
				INFOPLIST_FILE = Dunno/Info.plist;
				LD_RUNPATH_SEARCH_PATHS = (
					"$(inherited)",
					"@executable_path/Frameworks",
				);
				PRODUCT_BUNDLE_IDENTIFIER = com.mishak.dunno;
				PRODUCT_NAME = "$(TARGET_NAME)";
				SWIFT_VERSION = 5.0;
				TARGETED_DEVICE_FAMILY = 1;
			};
			name = Debug;
		};
		D228103B257557C200A909F2 /* Release */ = {
			isa = XCBuildConfiguration;
			buildSettings = {
				ASSETCATALOG_COMPILER_APPICON_NAME = AppIcon;
				ASSETCATALOG_COMPILER_GLOBAL_ACCENT_COLOR_NAME = AccentColor;
				CODE_SIGN_STYLE = Automatic;
				CURRENT_PROJECT_VERSION = 3;
				DEVELOPMENT_TEAM = 7367KKMU64;
				INFOPLIST_FILE = Dunno/Info.plist;
				LD_RUNPATH_SEARCH_PATHS = (
					"$(inherited)",
					"@executable_path/Frameworks",
				);
				PRODUCT_BUNDLE_IDENTIFIER = com.mishak.dunno;
				PRODUCT_NAME = "$(TARGET_NAME)";
				SWIFT_VERSION = 5.0;
				TARGETED_DEVICE_FAMILY = 1;
			};
			name = Release;
		};
/* End XCBuildConfiguration section */

/* Begin XCConfigurationList section */
		D228101D257557C000A909F2 /* Build configuration list for PBXProject "Dunno" */ = {
			isa = XCConfigurationList;
			buildConfigurations = (
				D2281037257557C200A909F2 /* Debug */,
				D2281038257557C200A909F2 /* Release */,
			);
			defaultConfigurationIsVisible = 0;
			defaultConfigurationName = Release;
		};
		D2281039257557C200A909F2 /* Build configuration list for PBXNativeTarget "Dunno" */ = {
			isa = XCConfigurationList;
			buildConfigurations = (
				D228103A257557C200A909F2 /* Debug */,
				D228103B257557C200A909F2 /* Release */,
			);
			defaultConfigurationIsVisible = 0;
			defaultConfigurationName = Release;
		};
/* End XCConfigurationList section */

/* Begin XCVersionGroup section */
		D228102E257557C000A909F2 /* Dunno.xcdatamodeld */ = {
			isa = XCVersionGroup;
			children = (
				D228102F257557C000A909F2 /* Dunno.xcdatamodel */,
			);
			currentVersion = D228102F257557C000A909F2 /* Dunno.xcdatamodel */;
			path = Dunno.xcdatamodeld;
			sourceTree = "<group>";
			versionGroupType = wrapper.xcdatamodel;
		};
/* End XCVersionGroup section */
	};
	rootObject = D228101A257557C000A909F2 /* Project object */;
}
